
Microsoft Visual Studio Solution File, Format Version 12.00
# Visual Studio Version 17
VisualStudioVersion = 17.0.31903.59
MinimumVisualStudioVersion = 10.0.40219.1
Project("{FAE04EC0-301F-11D3-BF4B-00C04F79EFBC}") = "SportsStore", "SportsStore\SportsStore.csproj", "{177EF3DB-DD26-466A-8C60-684D1364678A}"
EndProject
Project("{FAE04EC0-301F-11D3-BF4B-00C04F79EFBC}") = "SportsStore.Tests", "SportsStore.Tests\SportsStore.Tests.csproj", "{E84C6305-EA7C-45B9-BCC5-6BE5F1194EA7}"
EndProject
Global
	GlobalSection(SolutionConfigurationPlatforms) = preSolution
		Debug|Any CPU = Debug|Any CPU
		Release|Any CPU = Release|Any CPU
	EndGlobalSection
	GlobalSection(SolutionProperties) = preSolution
		HideSolutionNode = FALSE
	EndGlobalSection
	GlobalSection(ProjectConfigurationPlatforms) = postSolution
		{177EF3DB-DD26-466A-8C60-684D1364678A}.Debug|Any CPU.ActiveCfg = Debug|Any CPU
		{177EF3DB-DD26-466A-8C60-684D1364678A}.Debug|Any CPU.Build.0 = Debug|Any CPU
		{177EF3DB-DD26-466A-8C60-684D1364678A}.Release|Any CPU.ActiveCfg = Release|Any CPU
		{177EF3DB-DD26-466A-8C60-684D1364678A}.Release|Any CPU.Build.0 = Release|Any CPU
		{E84C6305-EA7C-45B9-BCC5-6BE5F1194EA7}.Debug|Any CPU.ActiveCfg = Debug|Any CPU
		{E84C6305-EA7C-45B9-BCC5-6BE5F1194EA7}.Debug|Any CPU.Build.0 = Debug|Any CPU
		{E84C6305-EA7C-45B9-BCC5-6BE5F1194EA7}.Release|Any CPU.ActiveCfg = Release|Any CPU
		{E84C6305-EA7C-45B9-BCC5-6BE5F1194EA7}.Release|Any CPU.Build.0 = Release|Any CPU
	EndGlobalSection
EndGlobal
